PODS:
  - Alamofire (4.5.0)
  - LBTAComponents (0.1.9)

DEPENDENCIES:
  - Alamofire (~> 4.4)
  - LBTAComponents

SPEC CHECKSUMS:
  Alamofire: f28cdffd29de33a7bfa022cbd63ae95a27fae140
  LBTAComponents: 9a5d314080d1f80208062ccc81a2d25225c5f572

PODFILE CHECKSUM: b08f45fb547ee4d52089c04f2416249edbd8622d

COCOAPODS: 1.2.1
