PODS:
  - Alamofire (4.5.0)
  - Bolts (1.8.4):
    - Bolts/AppLinks (= 1.8.4)
    - Bolts/Tasks (= 1.8.4)
  - Bolts/AppLinks (1.8.4):
    - Bolts/Tasks
  - Bolts/Tasks (1.8.4)
  - FBSDKCoreKit (4.24.0):
    - Bolts (~> 1.7)
  - FBSDKLoginKit (4.24.0):
    - FBSDKCoreKit
  - FBSDKShareKit (4.24.0):
    - FBSDKCoreKit
  - LBTAComponents (0.1.9)
  - SwiftyJSON (3.1.4)

DEPENDENCIES:
  - Alamofire (~> 4.4)
  - FBSDKCoreKit
  - FBSDKLoginKit
  - FBSDKShareKit
  - LBTAComponents
  - SwiftyJSON

SPEC CHECKSUMS:
  Alamofire: f28cdffd29de33a7bfa022cbd63ae95a27fae140
  Bolts: 8a7995239dbe724f9cba2248b766d48b7ebdd322
  FBSDKCoreKit: f8c9eb0dd34a9cd277c7b60da4b32226d142502d
  FBSDKLoginKit: 1214c6d5a1c4995b694d8db8a9ba6910c6028acf
  FBSDKShareKit: a2ed9d7781a4eda9ac20d7404305e795b10251ac
  LBTAComponents: 9a5d314080d1f80208062ccc81a2d25225c5f572
  SwiftyJSON: c2842d878f95482ffceec5709abc3d05680c0220

<<<<<<< HEAD
PODFILE CHECKSUM: 1ebbc0006f48760c7ad74c1ab6ee8bd5fb1ebe9f
=======
PODFILE CHECKSUM: dbe056b790a95049f2c82990ea9e74e4fee30c9b
>>>>>>> 6220be79c29477bbbbc9707a01868f65e5c90340

COCOAPODS: 1.2.1
