// !$*UTF8*$!
{
	archiveVersion = 1;
	classes = {
	};
	objectVersion = 46;
	objects = {

/* Begin PBXBuildFile section */
		3725D1DBA4E1D74C7627B484 /* Pods_Zenyth.framework in Frameworks */ = {isa = PBXBuildFile; fileRef = DDF4603E6F5113638CE0C5ED /* Pods_Zenyth.framework */; };
		471280781F391A4B006FE796 /* CredentialRequestsProtocol.swift in Sources */ = {isa = PBXBuildFile; fileRef = 471280771F391A4B006FE796 /* CredentialRequestsProtocol.swift */; };
		4712807A1F391B4F006FE796 /* APIClient.swift in Sources */ = {isa = PBXBuildFile; fileRef = 471280791F391B4F006FE796 /* APIClient.swift */; };
		4712807C1F3921DA006FE796 /* CredentialRequests.swift in Sources */ = {isa = PBXBuildFile; fileRef = 4712807B1F3921DA006FE796 /* CredentialRequests.swift */; };
		4712807E1F3929B2006FE796 /* Requests.swift in Sources */ = {isa = PBXBuildFile; fileRef = 4712807D1F3929B2006FE796 /* Requests.swift */; };
		471280801F39381C006FE796 /* Object.swift in Sources */ = {isa = PBXBuildFile; fileRef = 4712807F1F39381C006FE796 /* Object.swift */; };
		471280821F396F85006FE796 /* UserRequestsProtocol.swift in Sources */ = {isa = PBXBuildFile; fileRef = 471280811F396F85006FE796 /* UserRequestsProtocol.swift */; };
		471280841F396FCC006FE796 /* Callbacks.swift in Sources */ = {isa = PBXBuildFile; fileRef = 471280831F396FCC006FE796 /* Callbacks.swift */; };
		471280861F3977D3006FE796 /* PinpostRequestsProtocol.swift in Sources */ = {isa = PBXBuildFile; fileRef = 471280851F3977D3006FE796 /* PinpostRequestsProtocol.swift */; };
		471280881F397EC5006FE796 /* Comment.swift in Sources */ = {isa = PBXBuildFile; fileRef = 471280871F397EC5006FE796 /* Comment.swift */; };
		4712808A1F398403006FE796 /* Image.swift in Sources */ = {isa = PBXBuildFile; fileRef = 471280891F398403006FE796 /* Image.swift */; };
		4712808C1F39840D006FE796 /* Reply.swift in Sources */ = {isa = PBXBuildFile; fileRef = 4712808B1F39840D006FE796 /* Reply.swift */; };
		4712808E1F39841A006FE796 /* Like.swift in Sources */ = {isa = PBXBuildFile; fileRef = 4712808D1F39841A006FE796 /* Like.swift */; };
		471280901F39842C006FE796 /* Relationship.swift in Sources */ = {isa = PBXBuildFile; fileRef = 4712808F1F39842C006FE796 /* Relationship.swift */; };
		471280921F39844C006FE796 /* Tag.swift in Sources */ = {isa = PBXBuildFile; fileRef = 471280911F39844C006FE796 /* Tag.swift */; };
		471280941F398576006FE796 /* RelationshipRequestsProtocol.swift in Sources */ = {isa = PBXBuildFile; fileRef = 471280931F398576006FE796 /* RelationshipRequestsProtocol.swift */; };
		471280961F398876006FE796 /* ImageRequestsProtocol.swift in Sources */ = {isa = PBXBuildFile; fileRef = 471280951F398876006FE796 /* ImageRequestsProtocol.swift */; };
		471280981F3989CF006FE796 /* CommentRequestsProtocol.swift in Sources */ = {isa = PBXBuildFile; fileRef = 471280971F3989CF006FE796 /* CommentRequestsProtocol.swift */; };
		4712809A1F398C7F006FE796 /* ReplyRequestsProtocol.swift in Sources */ = {isa = PBXBuildFile; fileRef = 471280991F398C7F006FE796 /* ReplyRequestsProtocol.swift */; };
		4712809C1F398D30006FE796 /* LikeRequestsProtocol.swift in Sources */ = {isa = PBXBuildFile; fileRef = 4712809B1F398D30006FE796 /* LikeRequestsProtocol.swift */; };
		4712809E1F3990DF006FE796 /* TagRequestsProtocol.swift in Sources */ = {isa = PBXBuildFile; fileRef = 4712809D1F3990DF006FE796 /* TagRequestsProtocol.swift */; };
		471280A01F3992C6006FE796 /* UserRequests.swift in Sources */ = {isa = PBXBuildFile; fileRef = 4712809F1F3992C6006FE796 /* UserRequests.swift */; };
		471280A21F3992CF006FE796 /* PinpostRequests.swift in Sources */ = {isa = PBXBuildFile; fileRef = 471280A11F3992CF006FE796 /* PinpostRequests.swift */; };
		471280A41F3992D8006FE796 /* CommentRequests.swift in Sources */ = {isa = PBXBuildFile; fileRef = 471280A31F3992D8006FE796 /* CommentRequests.swift */; };
		471280A61F3992E0006FE796 /* ReplyRequests.swift in Sources */ = {isa = PBXBuildFile; fileRef = 471280A51F3992E0006FE796 /* ReplyRequests.swift */; };
		471280A81F3992E8006FE796 /* LikeRequests.swift in Sources */ = {isa = PBXBuildFile; fileRef = 471280A71F3992E8006FE796 /* LikeRequests.swift */; };
		471280AA1F3992F3006FE796 /* RelationshipRequests.swift in Sources */ = {isa = PBXBuildFile; fileRef = 471280A91F3992F3006FE796 /* RelationshipRequests.swift */; };
		471280AC1F3992FC006FE796 /* ImageRequests.swift in Sources */ = {isa = PBXBuildFile; fileRef = 471280AB1F3992FC006FE796 /* ImageRequests.swift */; };
		471280AE1F399306006FE796 /* TagRequests.swift in Sources */ = {isa = PBXBuildFile; fileRef = 471280AD1F399306006FE796 /* TagRequests.swift */; };
		4727AA571F2185F00032F7EB /* Home.storyboard in Resources */ = {isa = PBXBuildFile; fileRef = 4727AA561F2185F00032F7EB /* Home.storyboard */; };
		478006331F218A380064F9E7 /* MapController.swift in Sources */ = {isa = PBXBuildFile; fileRef = 478006321F218A380064F9E7 /* MapController.swift */; };
		478006391F21B5730064F9E7 /* Pinpost.swift in Sources */ = {isa = PBXBuildFile; fileRef = 478006381F21B5730064F9E7 /* Pinpost.swift */; };
		47883CD51F16EC8B0008C7F3 /* GoogleService-Info.plist in Resources */ = {isa = PBXBuildFile; fileRef = 47883CD41F16EC8B0008C7F3 /* GoogleService-Info.plist */; };
		47A488E01F22C96D006B0453 /* PinpostController.swift in Sources */ = {isa = PBXBuildFile; fileRef = 47A488DF1F22C96D006B0453 /* PinpostController.swift */; };
		47A488E21F22C97B006B0453 /* ProfileController.swift in Sources */ = {isa = PBXBuildFile; fileRef = 47A488E11F22C97B006B0453 /* ProfileController.swift */; };
		47A488E41F22C98C006B0453 /* HomeController.swift in Sources */ = {isa = PBXBuildFile; fileRef = 47A488E31F22C98C006B0453 /* HomeController.swift */; };
		47A745E91F16F7D000A88D5D /* ModelViewController.swift in Sources */ = {isa = PBXBuildFile; fileRef = 47A745E81F16F7D000A88D5D /* ModelViewController.swift */; };
		47A9024C1F0B1F4400A1CEE8 /* LoginController.swift in Sources */ = {isa = PBXBuildFile; fileRef = 47A9024B1F0B1F4400A1CEE8 /* LoginController.swift */; };
		47A9024E1F0B34C900A1CEE8 /* GlobalVariables.swift in Sources */ = {isa = PBXBuildFile; fileRef = 47A9024D1F0B34C900A1CEE8 /* GlobalVariables.swift */; };
		47ABAA041F0B7B7400FD479E /* UIViewController+Helper.swift in Sources */ = {isa = PBXBuildFile; fileRef = 47ABAA031F0B7B7400FD479E /* UIViewController+Helper.swift */; };
		47C622C91F0A341A003BBC16 /* AppDelegate.swift in Sources */ = {isa = PBXBuildFile; fileRef = 47C622C81F0A341A003BBC16 /* AppDelegate.swift */; };
		47C622CE1F0A341A003BBC16 /* Main.storyboard in Resources */ = {isa = PBXBuildFile; fileRef = 47C622CC1F0A341A003BBC16 /* Main.storyboard */; };
		47C622D01F0A341A003BBC16 /* Assets.xcassets in Resources */ = {isa = PBXBuildFile; fileRef = 47C622CF1F0A341A003BBC16 /* Assets.xcassets */; };
		47C622D31F0A341A003BBC16 /* LaunchScreen.storyboard in Resources */ = {isa = PBXBuildFile; fileRef = 47C622D11F0A341A003BBC16 /* LaunchScreen.storyboard */; };
		47C622DE1F0A341A003BBC16 /* ZenythTests.swift in Sources */ = {isa = PBXBuildFile; fileRef = 47C622DD1F0A341A003BBC16 /* ZenythTests.swift */; };
		47C622E91F0A341A003BBC16 /* ZenythUITests.swift in Sources */ = {isa = PBXBuildFile; fileRef = 47C622E81F0A341A003BBC16 /* ZenythUITests.swift */; };
		47C622F71F0A347F003BBC16 /* RegisterController+UsernameEmail.swift in Sources */ = {isa = PBXBuildFile; fileRef = 47C622F61F0A347F003BBC16 /* RegisterController+UsernameEmail.swift */; };
		47CA09791F1E57A600EA2455 /* LoginController+Signup.swift in Sources */ = {isa = PBXBuildFile; fileRef = 47CA09781F1E57A600EA2455 /* LoginController+Signup.swift */; };
		47CA097B1F1E73BC00EA2455 /* TabThree.swift in Sources */ = {isa = PBXBuildFile; fileRef = 47CA097A1F1E73BC00EA2455 /* TabThree.swift */; };
		47CA097D1F1E75BE00EA2455 /* TabOne.swift in Sources */ = {isa = PBXBuildFile; fileRef = 47CA097C1F1E75BE00EA2455 /* TabOne.swift */; };
		47CA097F1F1E75C700EA2455 /* TabTwo.swift in Sources */ = {isa = PBXBuildFile; fileRef = 47CA097E1F1E75C700EA2455 /* TabTwo.swift */; };
		47D838CC1F10A99F000E9668 /* ModelViewController+KeyboardHandler.swift in Sources */ = {isa = PBXBuildFile; fileRef = 47D838CB1F10A99F000E9668 /* ModelViewController+KeyboardHandler.swift */; };
		47D9ECB71F19755A00E3EEE4 /* User.swift in Sources */ = {isa = PBXBuildFile; fileRef = 47D9ECB61F19755A00E3EEE4 /* User.swift */; };
		47D9ECC01F19E3D300E3EEE4 /* RegisterController.swift in Sources */ = {isa = PBXBuildFile; fileRef = 47D9ECBF1F19E3D300E3EEE4 /* RegisterController.swift */; };
		7341F9E163A96B05940B44E8 /* Pods_ZenythTests.framework in Frameworks */ = {isa = PBXBuildFile; fileRef = 7BB6326B7B70E7CF186F4AB1 /* Pods_ZenythTests.framework */; };
		824F43211F15E84C00031672 /* TwitterKitManual in Resources */ = {isa = PBXBuildFile; fileRef = 824F43201F15E84C00031672 /* TwitterKitManual */; };
		B99E2A49109EC15FB04613DB /* Pods_ZenythUITests.framework in Frameworks */ = {isa = PBXBuildFile; fileRef = 4950B87A454879669AE8F046 /* Pods_ZenythUITests.framework */; };
		D23722701F1C8813004FFCFA /* ResetPasswordController.swift in Sources */ = {isa = PBXBuildFile; fileRef = D237226F1F1C8813004FFCFA /* ResetPasswordController.swift */; };
/* End PBXBuildFile section */

/* Begin PBXContainerItemProxy section */
		47C622DA1F0A341A003BBC16 /* PBXContainerItemProxy */ = {
			isa = PBXContainerItemProxy;
			containerPortal = 47C622BD1F0A341A003BBC16 /* Project object */;
			proxyType = 1;
			remoteGlobalIDString = 47C622C41F0A341A003BBC16;
			remoteInfo = Zenyth;
		};
		47C622E51F0A341A003BBC16 /* PBXContainerItemProxy */ = {
			isa = PBXContainerItemProxy;
			containerPortal = 47C622BD1F0A341A003BBC16 /* Project object */;
			proxyType = 1;
			remoteGlobalIDString = 47C622C41F0A341A003BBC16;
			remoteInfo = Zenyth;
		};
/* End PBXContainerItemProxy section */

/* Begin PBXFileReference section */
		471280771F391A4B006FE796 /* CredentialRequestsProtocol.swift */ = {isa = PBXFileReference; fileEncoding = 4; lastKnownFileType = sourcecode.swift; path = CredentialRequestsProtocol.swift; sourceTree = "<group>"; };
		471280791F391B4F006FE796 /* APIClient.swift */ = {isa = PBXFileReference; fileEncoding = 4; lastKnownFileType = sourcecode.swift; path = APIClient.swift; sourceTree = "<group>"; };
		4712807B1F3921DA006FE796 /* CredentialRequests.swift */ = {isa = PBXFileReference; fileEncoding = 4; lastKnownFileType = sourcecode.swift; path = CredentialRequests.swift; sourceTree = "<group>"; };
		4712807D1F3929B2006FE796 /* Requests.swift */ = {isa = PBXFileReference; fileEncoding = 4; lastKnownFileType = sourcecode.swift; path = Requests.swift; sourceTree = "<group>"; };
		4712807F1F39381C006FE796 /* Object.swift */ = {isa = PBXFileReference; fileEncoding = 4; lastKnownFileType = sourcecode.swift; path = Object.swift; sourceTree = "<group>"; };
		471280811F396F85006FE796 /* UserRequestsProtocol.swift */ = {isa = PBXFileReference; fileEncoding = 4; lastKnownFileType = sourcecode.swift; path = UserRequestsProtocol.swift; sourceTree = "<group>"; };
		471280831F396FCC006FE796 /* Callbacks.swift */ = {isa = PBXFileReference; fileEncoding = 4; lastKnownFileType = sourcecode.swift; path = Callbacks.swift; sourceTree = "<group>"; };
		471280851F3977D3006FE796 /* PinpostRequestsProtocol.swift */ = {isa = PBXFileReference; fileEncoding = 4; lastKnownFileType = sourcecode.swift; path = PinpostRequestsProtocol.swift; sourceTree = "<group>"; };
		471280871F397EC5006FE796 /* Comment.swift */ = {isa = PBXFileReference; fileEncoding = 4; lastKnownFileType = sourcecode.swift; path = Comment.swift; sourceTree = "<group>"; };
		471280891F398403006FE796 /* Image.swift */ = {isa = PBXFileReference; fileEncoding = 4; lastKnownFileType = sourcecode.swift; path = Image.swift; sourceTree = "<group>"; };
		4712808B1F39840D006FE796 /* Reply.swift */ = {isa = PBXFileReference; fileEncoding = 4; lastKnownFileType = sourcecode.swift; path = Reply.swift; sourceTree = "<group>"; };
		4712808D1F39841A006FE796 /* Like.swift */ = {isa = PBXFileReference; fileEncoding = 4; lastKnownFileType = sourcecode.swift; path = Like.swift; sourceTree = "<group>"; };
		4712808F1F39842C006FE796 /* Relationship.swift */ = {isa = PBXFileReference; fileEncoding = 4; lastKnownFileType = sourcecode.swift; path = Relationship.swift; sourceTree = "<group>"; };
		471280911F39844C006FE796 /* Tag.swift */ = {isa = PBXFileReference; fileEncoding = 4; lastKnownFileType = sourcecode.swift; path = Tag.swift; sourceTree = "<group>"; };
		471280931F398576006FE796 /* RelationshipRequestsProtocol.swift */ = {isa = PBXFileReference; fileEncoding = 4; lastKnownFileType = sourcecode.swift; path = RelationshipRequestsProtocol.swift; sourceTree = "<group>"; };
		471280951F398876006FE796 /* ImageRequestsProtocol.swift */ = {isa = PBXFileReference; fileEncoding = 4; lastKnownFileType = sourcecode.swift; path = ImageRequestsProtocol.swift; sourceTree = "<group>"; };
		471280971F3989CF006FE796 /* CommentRequestsProtocol.swift */ = {isa = PBXFileReference; fileEncoding = 4; lastKnownFileType = sourcecode.swift; path = CommentRequestsProtocol.swift; sourceTree = "<group>"; };
		471280991F398C7F006FE796 /* ReplyRequestsProtocol.swift */ = {isa = PBXFileReference; fileEncoding = 4; lastKnownFileType = sourcecode.swift; path = ReplyRequestsProtocol.swift; sourceTree = "<group>"; };
		4712809B1F398D30006FE796 /* LikeRequestsProtocol.swift */ = {isa = PBXFileReference; fileEncoding = 4; lastKnownFileType = sourcecode.swift; path = LikeRequestsProtocol.swift; sourceTree = "<group>"; };
		4712809D1F3990DF006FE796 /* TagRequestsProtocol.swift */ = {isa = PBXFileReference; fileEncoding = 4; lastKnownFileType = sourcecode.swift; path = TagRequestsProtocol.swift; sourceTree = "<group>"; };
		4712809F1F3992C6006FE796 /* UserRequests.swift */ = {isa = PBXFileReference; fileEncoding = 4; lastKnownFileType = sourcecode.swift; path = UserRequests.swift; sourceTree = "<group>"; };
		471280A11F3992CF006FE796 /* PinpostRequests.swift */ = {isa = PBXFileReference; fileEncoding = 4; lastKnownFileType = sourcecode.swift; path = PinpostRequests.swift; sourceTree = "<group>"; };
		471280A31F3992D8006FE796 /* CommentRequests.swift */ = {isa = PBXFileReference; fileEncoding = 4; lastKnownFileType = sourcecode.swift; path = CommentRequests.swift; sourceTree = "<group>"; };
		471280A51F3992E0006FE796 /* ReplyRequests.swift */ = {isa = PBXFileReference; fileEncoding = 4; lastKnownFileType = sourcecode.swift; path = ReplyRequests.swift; sourceTree = "<group>"; };
		471280A71F3992E8006FE796 /* LikeRequests.swift */ = {isa = PBXFileReference; fileEncoding = 4; lastKnownFileType = sourcecode.swift; path = LikeRequests.swift; sourceTree = "<group>"; };
		471280A91F3992F3006FE796 /* RelationshipRequests.swift */ = {isa = PBXFileReference; fileEncoding = 4; lastKnownFileType = sourcecode.swift; path = RelationshipRequests.swift; sourceTree = "<group>"; };
		471280AB1F3992FC006FE796 /* ImageRequests.swift */ = {isa = PBXFileReference; fileEncoding = 4; lastKnownFileType = sourcecode.swift; path = ImageRequests.swift; sourceTree = "<group>"; };
		471280AD1F399306006FE796 /* TagRequests.swift */ = {isa = PBXFileReference; fileEncoding = 4; lastKnownFileType = sourcecode.swift; path = TagRequests.swift; sourceTree = "<group>"; };
		4727AA561F2185F00032F7EB /* Home.storyboard */ = {isa = PBXFileReference; fileEncoding = 4; lastKnownFileType = file.storyboard; path = Home.storyboard; sourceTree = "<group>"; };
		478006321F218A380064F9E7 /* MapController.swift */ = {isa = PBXFileReference; fileEncoding = 4; lastKnownFileType = sourcecode.swift; path = MapController.swift; sourceTree = "<group>"; };
		478006381F21B5730064F9E7 /* Pinpost.swift */ = {isa = PBXFileReference; fileEncoding = 4; lastKnownFileType = sourcecode.swift; path = Pinpost.swift; sourceTree = "<group>"; };
		47883CD41F16EC8B0008C7F3 /* GoogleService-Info.plist */ = {isa = PBXFileReference; fileEncoding = 4; lastKnownFileType = text.plist.xml; path = "GoogleService-Info.plist"; sourceTree = "<group>"; };
		47A488DF1F22C96D006B0453 /* PinpostController.swift */ = {isa = PBXFileReference; fileEncoding = 4; lastKnownFileType = sourcecode.swift; path = PinpostController.swift; sourceTree = "<group>"; };
		47A488E11F22C97B006B0453 /* ProfileController.swift */ = {isa = PBXFileReference; fileEncoding = 4; lastKnownFileType = sourcecode.swift; path = ProfileController.swift; sourceTree = "<group>"; };
		47A488E31F22C98C006B0453 /* HomeController.swift */ = {isa = PBXFileReference; fileEncoding = 4; lastKnownFileType = sourcecode.swift; path = HomeController.swift; sourceTree = "<group>"; };
		47A745E81F16F7D000A88D5D /* ModelViewController.swift */ = {isa = PBXFileReference; fileEncoding = 4; lastKnownFileType = sourcecode.swift; path = ModelViewController.swift; sourceTree = "<group>"; };
		47A9024B1F0B1F4400A1CEE8 /* LoginController.swift */ = {isa = PBXFileReference; fileEncoding = 4; lastKnownFileType = sourcecode.swift; path = LoginController.swift; sourceTree = "<group>"; };
		47A9024D1F0B34C900A1CEE8 /* GlobalVariables.swift */ = {isa = PBXFileReference; fileEncoding = 4; lastKnownFileType = sourcecode.swift; path = GlobalVariables.swift; sourceTree = "<group>"; };
		47ABAA031F0B7B7400FD479E /* UIViewController+Helper.swift */ = {isa = PBXFileReference; fileEncoding = 4; lastKnownFileType = sourcecode.swift; path = "UIViewController+Helper.swift"; sourceTree = "<group>"; };
		47C622C51F0A341A003BBC16 /* Zenyth.app */ = {isa = PBXFileReference; explicitFileType = wrapper.application; includeInIndex = 0; path = Zenyth.app; sourceTree = BUILT_PRODUCTS_DIR; };
		47C622C81F0A341A003BBC16 /* AppDelegate.swift */ = {isa = PBXFileReference; lastKnownFileType = sourcecode.swift; path = AppDelegate.swift; sourceTree = "<group>"; };
		47C622CD1F0A341A003BBC16 /* Base */ = {isa = PBXFileReference; lastKnownFileType = file.storyboard; name = Base; path = Base.lproj/Main.storyboard; sourceTree = "<group>"; };
		47C622CF1F0A341A003BBC16 /* Assets.xcassets */ = {isa = PBXFileReference; lastKnownFileType = folder.assetcatalog; path = Assets.xcassets; sourceTree = "<group>"; };
		47C622D21F0A341A003BBC16 /* Base */ = {isa = PBXFileReference; lastKnownFileType = file.storyboard; name = Base; path = Base.lproj/LaunchScreen.storyboard; sourceTree = "<group>"; };
		47C622D41F0A341A003BBC16 /* Info.plist */ = {isa = PBXFileReference; lastKnownFileType = text.plist.xml; path = Info.plist; sourceTree = "<group>"; };
		47C622D91F0A341A003BBC16 /* ZenythTests.xctest */ = {isa = PBXFileReference; explicitFileType = wrapper.cfbundle; includeInIndex = 0; path = ZenythTests.xctest; sourceTree = BUILT_PRODUCTS_DIR; };
		47C622DD1F0A341A003BBC16 /* ZenythTests.swift */ = {isa = PBXFileReference; lastKnownFileType = sourcecode.swift; path = ZenythTests.swift; sourceTree = "<group>"; };
		47C622DF1F0A341A003BBC16 /* Info.plist */ = {isa = PBXFileReference; lastKnownFileType = text.plist.xml; path = Info.plist; sourceTree = "<group>"; };
		47C622E41F0A341A003BBC16 /* ZenythUITests.xctest */ = {isa = PBXFileReference; explicitFileType = wrapper.cfbundle; includeInIndex = 0; path = ZenythUITests.xctest; sourceTree = BUILT_PRODUCTS_DIR; };
		47C622E81F0A341A003BBC16 /* ZenythUITests.swift */ = {isa = PBXFileReference; lastKnownFileType = sourcecode.swift; path = ZenythUITests.swift; sourceTree = "<group>"; };
		47C622EA1F0A341A003BBC16 /* Info.plist */ = {isa = PBXFileReference; lastKnownFileType = text.plist.xml; path = Info.plist; sourceTree = "<group>"; };
		47C622F61F0A347F003BBC16 /* RegisterController+UsernameEmail.swift */ = {isa = PBXFileReference; fileEncoding = 4; lastKnownFileType = sourcecode.swift; path = "RegisterController+UsernameEmail.swift"; sourceTree = "<group>"; };
		47CA09781F1E57A600EA2455 /* LoginController+Signup.swift */ = {isa = PBXFileReference; fileEncoding = 4; lastKnownFileType = sourcecode.swift; path = "LoginController+Signup.swift"; sourceTree = "<group>"; };
		47CA097A1F1E73BC00EA2455 /* TabThree.swift */ = {isa = PBXFileReference; fileEncoding = 4; lastKnownFileType = sourcecode.swift; path = TabThree.swift; sourceTree = "<group>"; };
		47CA097C1F1E75BE00EA2455 /* TabOne.swift */ = {isa = PBXFileReference; fileEncoding = 4; lastKnownFileType = sourcecode.swift; path = TabOne.swift; sourceTree = "<group>"; };
		47CA097E1F1E75C700EA2455 /* TabTwo.swift */ = {isa = PBXFileReference; fileEncoding = 4; lastKnownFileType = sourcecode.swift; path = TabTwo.swift; sourceTree = "<group>"; };
		47D838CB1F10A99F000E9668 /* ModelViewController+KeyboardHandler.swift */ = {isa = PBXFileReference; fileEncoding = 4; lastKnownFileType = sourcecode.swift; path = "ModelViewController+KeyboardHandler.swift"; sourceTree = "<group>"; };
		47D9ECB61F19755A00E3EEE4 /* User.swift */ = {isa = PBXFileReference; fileEncoding = 4; lastKnownFileType = sourcecode.swift; path = User.swift; sourceTree = "<group>"; };
		47D9ECBF1F19E3D300E3EEE4 /* RegisterController.swift */ = {isa = PBXFileReference; fileEncoding = 4; lastKnownFileType = sourcecode.swift; path = RegisterController.swift; sourceTree = "<group>"; };
		4950B87A454879669AE8F046 /* Pods_ZenythUITests.framework */ = {isa = PBXFileReference; explicitFileType = wrapper.framework; includeInIndex = 0; path = Pods_ZenythUITests.framework; sourceTree = BUILT_PRODUCTS_DIR; };
		7BB6326B7B70E7CF186F4AB1 /* Pods_ZenythTests.framework */ = {isa = PBXFileReference; explicitFileType = wrapper.framework; includeInIndex = 0; path = Pods_ZenythTests.framework; sourceTree = BUILT_PRODUCTS_DIR; };
		824F43201F15E84C00031672 /* TwitterKitManual */ = {isa = PBXFileReference; lastKnownFileType = folder; path = TwitterKitManual; sourceTree = "<group>"; };
		82AFE11E1F0F16AD00605905 /* Zenyth.entitlements */ = {isa = PBXFileReference; lastKnownFileType = text.plist.entitlements; path = Zenyth.entitlements; sourceTree = "<group>"; };
		9BF5C92438833D8106466321 /* Pods-Zenyth.debug.xcconfig */ = {isa = PBXFileReference; includeInIndex = 1; lastKnownFileType = text.xcconfig; name = "Pods-Zenyth.debug.xcconfig"; path = "Pods/Target Support Files/Pods-Zenyth/Pods-Zenyth.debug.xcconfig"; sourceTree = "<group>"; };
		9D0A28DC766F4B241B225079 /* Pods-ZenythTests.debug.xcconfig */ = {isa = PBXFileReference; includeInIndex = 1; lastKnownFileType = text.xcconfig; name = "Pods-ZenythTests.debug.xcconfig"; path = "Pods/Target Support Files/Pods-ZenythTests/Pods-ZenythTests.debug.xcconfig"; sourceTree = "<group>"; };
		AF3772E19C15E48808910B4B /* Pods-ZenythUITests.debug.xcconfig */ = {isa = PBXFileReference; includeInIndex = 1; lastKnownFileType = text.xcconfig; name = "Pods-ZenythUITests.debug.xcconfig"; path = "Pods/Target Support Files/Pods-ZenythUITests/Pods-ZenythUITests.debug.xcconfig"; sourceTree = "<group>"; };
		B91E4378161D72337CBFECA2 /* Pods-ZenythTests.release.xcconfig */ = {isa = PBXFileReference; includeInIndex = 1; lastKnownFileType = text.xcconfig; name = "Pods-ZenythTests.release.xcconfig"; path = "Pods/Target Support Files/Pods-ZenythTests/Pods-ZenythTests.release.xcconfig"; sourceTree = "<group>"; };
		CA4871FF56084440AE442D2C /* Pods-Zenyth.release.xcconfig */ = {isa = PBXFileReference; includeInIndex = 1; lastKnownFileType = text.xcconfig; name = "Pods-Zenyth.release.xcconfig"; path = "Pods/Target Support Files/Pods-Zenyth/Pods-Zenyth.release.xcconfig"; sourceTree = "<group>"; };
		D237226F1F1C8813004FFCFA /* ResetPasswordController.swift */ = {isa = PBXFileReference; fileEncoding = 4; lastKnownFileType = sourcecode.swift; path = ResetPasswordController.swift; sourceTree = "<group>"; };
		DDF4603E6F5113638CE0C5ED /* Pods_Zenyth.framework */ = {isa = PBXFileReference; explicitFileType = wrapper.framework; includeInIndex = 0; path = Pods_Zenyth.framework; sourceTree = BUILT_PRODUCTS_DIR; };
		F16B25EFAC48B67D0F6A64D0 /* Pods-ZenythUITests.release.xcconfig */ = {isa = PBXFileReference; includeInIndex = 1; lastKnownFileType = text.xcconfig; name = "Pods-ZenythUITests.release.xcconfig"; path = "Pods/Target Support Files/Pods-ZenythUITests/Pods-ZenythUITests.release.xcconfig"; sourceTree = "<group>"; };
/* End PBXFileReference section */

/* Begin PBXFrameworksBuildPhase section */
		47C622C21F0A341A003BBC16 /* Frameworks */ = {
			isa = PBXFrameworksBuildPhase;
			buildActionMask = 2147483647;
			files = (
				3725D1DBA4E1D74C7627B484 /* Pods_Zenyth.framework in Frameworks */,
			);
			runOnlyForDeploymentPostprocessing = 0;
		};
		47C622D61F0A341A003BBC16 /* Frameworks */ = {
			isa = PBXFrameworksBuildPhase;
			buildActionMask = 2147483647;
			files = (
				7341F9E163A96B05940B44E8 /* Pods_ZenythTests.framework in Frameworks */,
			);
			runOnlyForDeploymentPostprocessing = 0;
		};
		47C622E11F0A341A003BBC16 /* Frameworks */ = {
			isa = PBXFrameworksBuildPhase;
			buildActionMask = 2147483647;
			files = (
				B99E2A49109EC15FB04613DB /* Pods_ZenythUITests.framework in Frameworks */,
			);
			runOnlyForDeploymentPostprocessing = 0;
		};
/* End PBXFrameworksBuildPhase section */

/* Begin PBXGroup section */
		39226A25468294258FF143B8 /* Frameworks */ = {
			isa = PBXGroup;
			children = (
				DDF4603E6F5113638CE0C5ED /* Pods_Zenyth.framework */,
				7BB6326B7B70E7CF186F4AB1 /* Pods_ZenythTests.framework */,
				4950B87A454879669AE8F046 /* Pods_ZenythUITests.framework */,
			);
			name = Frameworks;
			sourceTree = "<group>";
		};
		471280761F390F88006FE796 /* ZenythAPIClient */ = {
			isa = PBXGroup;
			children = (
				471280771F391A4B006FE796 /* CredentialRequestsProtocol.swift */,
				4712807B1F3921DA006FE796 /* CredentialRequests.swift */,
				471280811F396F85006FE796 /* UserRequestsProtocol.swift */,
				4712809F1F3992C6006FE796 /* UserRequests.swift */,
				471280851F3977D3006FE796 /* PinpostRequestsProtocol.swift */,
				471280A11F3992CF006FE796 /* PinpostRequests.swift */,
				471280971F3989CF006FE796 /* CommentRequestsProtocol.swift */,
				471280A31F3992D8006FE796 /* CommentRequests.swift */,
				471280991F398C7F006FE796 /* ReplyRequestsProtocol.swift */,
				471280A51F3992E0006FE796 /* ReplyRequests.swift */,
				4712809B1F398D30006FE796 /* LikeRequestsProtocol.swift */,
				471280A71F3992E8006FE796 /* LikeRequests.swift */,
				471280931F398576006FE796 /* RelationshipRequestsProtocol.swift */,
				471280A91F3992F3006FE796 /* RelationshipRequests.swift */,
				471280951F398876006FE796 /* ImageRequestsProtocol.swift */,
				471280AB1F3992FC006FE796 /* ImageRequests.swift */,
				4712809D1F3990DF006FE796 /* TagRequestsProtocol.swift */,
				471280AD1F399306006FE796 /* TagRequests.swift */,
				471280791F391B4F006FE796 /* APIClient.swift */,
				4712807D1F3929B2006FE796 /* Requests.swift */,
				471280831F396FCC006FE796 /* Callbacks.swift */,
			);
			name = ZenythAPIClient;
			sourceTree = "<group>";
		};
		478006311F218A100064F9E7 /* HomeControllers */ = {
			isa = PBXGroup;
			children = (
				478006321F218A380064F9E7 /* MapController.swift */,
				47A488DF1F22C96D006B0453 /* PinpostController.swift */,
				47A488E11F22C97B006B0453 /* ProfileController.swift */,
				47A488E31F22C98C006B0453 /* HomeController.swift */,
			);
			name = HomeControllers;
			sourceTree = "<group>";
		};
		47A745E71F16F7B100A88D5D /* StartingControllers */ = {
			isa = PBXGroup;
			children = (
				47D9ECB81F19C37D00E3EEE4 /* RegisterControllers */,
				47C622C81F0A341A003BBC16 /* AppDelegate.swift */,
				47ABAA031F0B7B7400FD479E /* UIViewController+Helper.swift */,
				47D838CB1F10A99F000E9668 /* ModelViewController+KeyboardHandler.swift */,
				47A745E81F16F7D000A88D5D /* ModelViewController.swift */,
				D237226F1F1C8813004FFCFA /* ResetPasswordController.swift */,
			);
			name = StartingControllers;
			sourceTree = "<group>";
		};
		47C622BC1F0A341A003BBC16 = {
			isa = PBXGroup;
			children = (
				824F43201F15E84C00031672 /* TwitterKitManual */,
				47C622C71F0A341A003BBC16 /* Zenyth */,
				47C622DC1F0A341A003BBC16 /* ZenythTests */,
				47C622E71F0A341A003BBC16 /* ZenythUITests */,
				47C622C61F0A341A003BBC16 /* Products */,
				4BC0F9BA76D20C2BD243083A /* Pods */,
				39226A25468294258FF143B8 /* Frameworks */,
			);
			sourceTree = "<group>";
		};
		47C622C61F0A341A003BBC16 /* Products */ = {
			isa = PBXGroup;
			children = (
				47C622C51F0A341A003BBC16 /* Zenyth.app */,
				47C622D91F0A341A003BBC16 /* ZenythTests.xctest */,
				47C622E41F0A341A003BBC16 /* ZenythUITests.xctest */,
			);
			name = Products;
			sourceTree = "<group>";
		};
		47C622C71F0A341A003BBC16 /* Zenyth */ = {
			isa = PBXGroup;
			children = (
				471280761F390F88006FE796 /* ZenythAPIClient */,
				47D9ECB51F19752E00E3EEE4 /* ObjectModels */,
				478006311F218A100064F9E7 /* HomeControllers */,
				47A745E71F16F7B100A88D5D /* StartingControllers */,
				82AFE11E1F0F16AD00605905 /* Zenyth.entitlements */,
				47C622CC1F0A341A003BBC16 /* Main.storyboard */,
				47C622CF1F0A341A003BBC16 /* Assets.xcassets */,
				47C622D11F0A341A003BBC16 /* LaunchScreen.storyboard */,
				47C622D41F0A341A003BBC16 /* Info.plist */,
				47A9024D1F0B34C900A1CEE8 /* GlobalVariables.swift */,
				47883CD41F16EC8B0008C7F3 /* GoogleService-Info.plist */,
				4727AA561F2185F00032F7EB /* Home.storyboard */,
			);
			path = Zenyth;
			sourceTree = "<group>";
		};
		47C622DC1F0A341A003BBC16 /* ZenythTests */ = {
			isa = PBXGroup;
			children = (
				47C622DD1F0A341A003BBC16 /* ZenythTests.swift */,
				47C622DF1F0A341A003BBC16 /* Info.plist */,
			);
			path = ZenythTests;
			sourceTree = "<group>";
		};
		47C622E71F0A341A003BBC16 /* ZenythUITests */ = {
			isa = PBXGroup;
			children = (
				47C622E81F0A341A003BBC16 /* ZenythUITests.swift */,
				47C622EA1F0A341A003BBC16 /* Info.plist */,
			);
			path = ZenythUITests;
			sourceTree = "<group>";
		};
		47D9ECB51F19752E00E3EEE4 /* ObjectModels */ = {
			isa = PBXGroup;
			children = (
				4712807F1F39381C006FE796 /* Object.swift */,
				47D9ECB61F19755A00E3EEE4 /* User.swift */,
				478006381F21B5730064F9E7 /* Pinpost.swift */,
				471280871F397EC5006FE796 /* Comment.swift */,
				4712808B1F39840D006FE796 /* Reply.swift */,
				471280891F398403006FE796 /* Image.swift */,
				4712808D1F39841A006FE796 /* Like.swift */,
				4712808F1F39842C006FE796 /* Relationship.swift */,
				471280911F39844C006FE796 /* Tag.swift */,
			);
			name = ObjectModels;
			sourceTree = "<group>";
		};
		47D9ECB81F19C37D00E3EEE4 /* RegisterControllers */ = {
			isa = PBXGroup;
			children = (
				47A9024B1F0B1F4400A1CEE8 /* LoginController.swift */,
				47C622F61F0A347F003BBC16 /* RegisterController+UsernameEmail.swift */,
				47D9ECBF1F19E3D300E3EEE4 /* RegisterController.swift */,
				47CA09781F1E57A600EA2455 /* LoginController+Signup.swift */,
				47CA097A1F1E73BC00EA2455 /* TabThree.swift */,
				47CA097C1F1E75BE00EA2455 /* TabOne.swift */,
				47CA097E1F1E75C700EA2455 /* TabTwo.swift */,
			);
			name = RegisterControllers;
			sourceTree = "<group>";
		};
		4BC0F9BA76D20C2BD243083A /* Pods */ = {
			isa = PBXGroup;
			children = (
				9BF5C92438833D8106466321 /* Pods-Zenyth.debug.xcconfig */,
				CA4871FF56084440AE442D2C /* Pods-Zenyth.release.xcconfig */,
				9D0A28DC766F4B241B225079 /* Pods-ZenythTests.debug.xcconfig */,
				B91E4378161D72337CBFECA2 /* Pods-ZenythTests.release.xcconfig */,
				AF3772E19C15E48808910B4B /* Pods-ZenythUITests.debug.xcconfig */,
				F16B25EFAC48B67D0F6A64D0 /* Pods-ZenythUITests.release.xcconfig */,
			);
			name = Pods;
			sourceTree = "<group>";
		};
/* End PBXGroup section */

/* Begin PBXNativeTarget section */
		47C622C41F0A341A003BBC16 /* Zenyth */ = {
			isa = PBXNativeTarget;
			buildConfigurationList = 47C622ED1F0A341A003BBC16 /* Build configuration list for PBXNativeTarget "Zenyth" */;
			buildPhases = (
				62E877F906A8642F8E0785D1 /* [CP] Check Pods Manifest.lock */,
				47C622C11F0A341A003BBC16 /* Sources */,
				47C622C21F0A341A003BBC16 /* Frameworks */,
				47C622C31F0A341A003BBC16 /* Resources */,
				96F84871BABF74A021EB43CB /* [CP] Embed Pods Frameworks */,
				9055947B42F2EA53064195F1 /* [CP] Copy Pods Resources */,
			);
			buildRules = (
			);
			dependencies = (
			);
			name = Zenyth;
			productName = Zenyth;
			productReference = 47C622C51F0A341A003BBC16 /* Zenyth.app */;
			productType = "com.apple.product-type.application";
		};
		47C622D81F0A341A003BBC16 /* ZenythTests */ = {
			isa = PBXNativeTarget;
			buildConfigurationList = 47C622F01F0A341A003BBC16 /* Build configuration list for PBXNativeTarget "ZenythTests" */;
			buildPhases = (
				CC7558ACCFB0165248D4C705 /* [CP] Check Pods Manifest.lock */,
				47C622D51F0A341A003BBC16 /* Sources */,
				47C622D61F0A341A003BBC16 /* Frameworks */,
				47C622D71F0A341A003BBC16 /* Resources */,
				B59B02CBF4725B00B3A75606 /* [CP] Embed Pods Frameworks */,
				9E43D2725564AC08FE4ADA89 /* [CP] Copy Pods Resources */,
			);
			buildRules = (
			);
			dependencies = (
				47C622DB1F0A341A003BBC16 /* PBXTargetDependency */,
			);
			name = ZenythTests;
			productName = ZenythTests;
			productReference = 47C622D91F0A341A003BBC16 /* ZenythTests.xctest */;
			productType = "com.apple.product-type.bundle.unit-test";
		};
		47C622E31F0A341A003BBC16 /* ZenythUITests */ = {
			isa = PBXNativeTarget;
			buildConfigurationList = 47C622F31F0A341A003BBC16 /* Build configuration list for PBXNativeTarget "ZenythUITests" */;
			buildPhases = (
				0000398BC6B6364539612422 /* [CP] Check Pods Manifest.lock */,
				47C622E01F0A341A003BBC16 /* Sources */,
				47C622E11F0A341A003BBC16 /* Frameworks */,
				47C622E21F0A341A003BBC16 /* Resources */,
				3947FE3A05FE17063CFF719F /* [CP] Embed Pods Frameworks */,
				52326C64B584882E29E456BB /* [CP] Copy Pods Resources */,
			);
			buildRules = (
			);
			dependencies = (
				47C622E61F0A341A003BBC16 /* PBXTargetDependency */,
			);
			name = ZenythUITests;
			productName = ZenythUITests;
			productReference = 47C622E41F0A341A003BBC16 /* ZenythUITests.xctest */;
			productType = "com.apple.product-type.bundle.ui-testing";
		};
/* End PBXNativeTarget section */

/* Begin PBXProject section */
		47C622BD1F0A341A003BBC16 /* Project object */ = {
			isa = PBXProject;
			attributes = {
				LastSwiftUpdateCheck = 0830;
				LastUpgradeCheck = 0830;
				ORGANIZATIONNAME = Hoang;
				TargetAttributes = {
					47C622C41F0A341A003BBC16 = {
						CreatedOnToolsVersion = 8.3.3;
						DevelopmentTeam = 4B5PEQM7U2;
						ProvisioningStyle = Automatic;
						SystemCapabilities = {
							com.apple.Keychain = {
								enabled = 1;
							};
						};
					};
					47C622D81F0A341A003BBC16 = {
						CreatedOnToolsVersion = 8.3.3;
						ProvisioningStyle = Automatic;
						TestTargetID = 47C622C41F0A341A003BBC16;
					};
					47C622E31F0A341A003BBC16 = {
						CreatedOnToolsVersion = 8.3.3;
						ProvisioningStyle = Automatic;
						TestTargetID = 47C622C41F0A341A003BBC16;
					};
				};
			};
			buildConfigurationList = 47C622C01F0A341A003BBC16 /* Build configuration list for PBXProject "Zenyth" */;
			compatibilityVersion = "Xcode 3.2";
			developmentRegion = English;
			hasScannedForEncodings = 0;
			knownRegions = (
				en,
				Base,
			);
			mainGroup = 47C622BC1F0A341A003BBC16;
			productRefGroup = 47C622C61F0A341A003BBC16 /* Products */;
			projectDirPath = "";
			projectRoot = "";
			targets = (
				47C622C41F0A341A003BBC16 /* Zenyth */,
				47C622D81F0A341A003BBC16 /* ZenythTests */,
				47C622E31F0A341A003BBC16 /* ZenythUITests */,
			);
		};
/* End PBXProject section */

/* Begin PBXResourcesBuildPhase section */
		47C622C31F0A341A003BBC16 /* Resources */ = {
			isa = PBXResourcesBuildPhase;
			buildActionMask = 2147483647;
			files = (
				47C622D31F0A341A003BBC16 /* LaunchScreen.storyboard in Resources */,
				47C622D01F0A341A003BBC16 /* Assets.xcassets in Resources */,
				47C622CE1F0A341A003BBC16 /* Main.storyboard in Resources */,
				4727AA571F2185F00032F7EB /* Home.storyboard in Resources */,
				824F43211F15E84C00031672 /* TwitterKitManual in Resources */,
				47883CD51F16EC8B0008C7F3 /* GoogleService-Info.plist in Resources */,
			);
			runOnlyForDeploymentPostprocessing = 0;
		};
		47C622D71F0A341A003BBC16 /* Resources */ = {
			isa = PBXResourcesBuildPhase;
			buildActionMask = 2147483647;
			files = (
			);
			runOnlyForDeploymentPostprocessing = 0;
		};
		47C622E21F0A341A003BBC16 /* Resources */ = {
			isa = PBXResourcesBuildPhase;
			buildActionMask = 2147483647;
			files = (
			);
			runOnlyForDeploymentPostprocessing = 0;
		};
/* End PBXResourcesBuildPhase section */

/* Begin PBXShellScriptBuildPhase section */
		0000398BC6B6364539612422 /* [CP] Check Pods Manifest.lock */ = {
			isa = PBXShellScriptBuildPhase;
			buildActionMask = 2147483647;
			files = (
			);
			inputPaths = (
			);
			name = "[CP] Check Pods Manifest.lock";
			outputPaths = (
			);
			runOnlyForDeploymentPostprocessing = 0;
			shellPath = /bin/sh;
			shellScript = "diff \"${PODS_PODFILE_DIR_PATH}/Podfile.lock\" \"${PODS_ROOT}/Manifest.lock\" > /dev/null\nif [ $? != 0 ] ; then\n    # print error to STDERR\n    echo \"error: The sandbox is not in sync with the Podfile.lock. Run 'pod install' or update your CocoaPods installation.\" >&2\n    exit 1\nfi\n";
			showEnvVarsInLog = 0;
		};
		3947FE3A05FE17063CFF719F /* [CP] Embed Pods Frameworks */ = {
			isa = PBXShellScriptBuildPhase;
			buildActionMask = 2147483647;
			files = (
			);
			inputPaths = (
			);
			name = "[CP] Embed Pods Frameworks";
			outputPaths = (
			);
			runOnlyForDeploymentPostprocessing = 0;
			shellPath = /bin/sh;
			shellScript = "\"${SRCROOT}/Pods/Target Support Files/Pods-ZenythUITests/Pods-ZenythUITests-frameworks.sh\"\n";
			showEnvVarsInLog = 0;
		};
		52326C64B584882E29E456BB /* [CP] Copy Pods Resources */ = {
			isa = PBXShellScriptBuildPhase;
			buildActionMask = 2147483647;
			files = (
			);
			inputPaths = (
			);
			name = "[CP] Copy Pods Resources";
			outputPaths = (
			);
			runOnlyForDeploymentPostprocessing = 0;
			shellPath = /bin/sh;
			shellScript = "\"${SRCROOT}/Pods/Target Support Files/Pods-ZenythUITests/Pods-ZenythUITests-resources.sh\"\n";
			showEnvVarsInLog = 0;
		};
		62E877F906A8642F8E0785D1 /* [CP] Check Pods Manifest.lock */ = {
			isa = PBXShellScriptBuildPhase;
			buildActionMask = 2147483647;
			files = (
			);
			inputPaths = (
			);
			name = "[CP] Check Pods Manifest.lock";
			outputPaths = (
			);
			runOnlyForDeploymentPostprocessing = 0;
			shellPath = /bin/sh;
			shellScript = "diff \"${PODS_PODFILE_DIR_PATH}/Podfile.lock\" \"${PODS_ROOT}/Manifest.lock\" > /dev/null\nif [ $? != 0 ] ; then\n    # print error to STDERR\n    echo \"error: The sandbox is not in sync with the Podfile.lock. Run 'pod install' or update your CocoaPods installation.\" >&2\n    exit 1\nfi\n";
			showEnvVarsInLog = 0;
		};
		9055947B42F2EA53064195F1 /* [CP] Copy Pods Resources */ = {
			isa = PBXShellScriptBuildPhase;
			buildActionMask = 2147483647;
			files = (
			);
			inputPaths = (
			);
			name = "[CP] Copy Pods Resources";
			outputPaths = (
			);
			runOnlyForDeploymentPostprocessing = 0;
			shellPath = /bin/sh;
			shellScript = "\"${SRCROOT}/Pods/Target Support Files/Pods-Zenyth/Pods-Zenyth-resources.sh\"\n";
			showEnvVarsInLog = 0;
		};
		96F84871BABF74A021EB43CB /* [CP] Embed Pods Frameworks */ = {
			isa = PBXShellScriptBuildPhase;
			buildActionMask = 2147483647;
			files = (
			);
			inputPaths = (
			);
			name = "[CP] Embed Pods Frameworks";
			outputPaths = (
			);
			runOnlyForDeploymentPostprocessing = 0;
			shellPath = /bin/sh;
			shellScript = "\"${SRCROOT}/Pods/Target Support Files/Pods-Zenyth/Pods-Zenyth-frameworks.sh\"\n";
			showEnvVarsInLog = 0;
		};
		9E43D2725564AC08FE4ADA89 /* [CP] Copy Pods Resources */ = {
			isa = PBXShellScriptBuildPhase;
			buildActionMask = 2147483647;
			files = (
			);
			inputPaths = (
			);
			name = "[CP] Copy Pods Resources";
			outputPaths = (
			);
			runOnlyForDeploymentPostprocessing = 0;
			shellPath = /bin/sh;
			shellScript = "\"${SRCROOT}/Pods/Target Support Files/Pods-ZenythTests/Pods-ZenythTests-resources.sh\"\n";
			showEnvVarsInLog = 0;
		};
		B59B02CBF4725B00B3A75606 /* [CP] Embed Pods Frameworks */ = {
			isa = PBXShellScriptBuildPhase;
			buildActionMask = 2147483647;
			files = (
			);
			inputPaths = (
			);
			name = "[CP] Embed Pods Frameworks";
			outputPaths = (
			);
			runOnlyForDeploymentPostprocessing = 0;
			shellPath = /bin/sh;
			shellScript = "\"${SRCROOT}/Pods/Target Support Files/Pods-ZenythTests/Pods-ZenythTests-frameworks.sh\"\n";
			showEnvVarsInLog = 0;
		};
		CC7558ACCFB0165248D4C705 /* [CP] Check Pods Manifest.lock */ = {
			isa = PBXShellScriptBuildPhase;
			buildActionMask = 2147483647;
			files = (
			);
			inputPaths = (
			);
			name = "[CP] Check Pods Manifest.lock";
			outputPaths = (
			);
			runOnlyForDeploymentPostprocessing = 0;
			shellPath = /bin/sh;
			shellScript = "diff \"${PODS_PODFILE_DIR_PATH}/Podfile.lock\" \"${PODS_ROOT}/Manifest.lock\" > /dev/null\nif [ $? != 0 ] ; then\n    # print error to STDERR\n    echo \"error: The sandbox is not in sync with the Podfile.lock. Run 'pod install' or update your CocoaPods installation.\" >&2\n    exit 1\nfi\n";
			showEnvVarsInLog = 0;
		};
/* End PBXShellScriptBuildPhase section */

/* Begin PBXSourcesBuildPhase section */
		47C622C11F0A341A003BBC16 /* Sources */ = {
			isa = PBXSourcesBuildPhase;
			buildActionMask = 2147483647;
			files = (
				47CA097D1F1E75BE00EA2455 /* TabOne.swift in Sources */,
				47A488E41F22C98C006B0453 /* HomeController.swift in Sources */,
				47D9ECC01F19E3D300E3EEE4 /* RegisterController.swift in Sources */,
				471280881F397EC5006FE796 /* Comment.swift in Sources */,
				4712808E1F39841A006FE796 /* Like.swift in Sources */,
				471280A41F3992D8006FE796 /* CommentRequests.swift in Sources */,
				4712808A1F398403006FE796 /* Image.swift in Sources */,
				471280921F39844C006FE796 /* Tag.swift in Sources */,
				47CA097F1F1E75C700EA2455 /* TabTwo.swift in Sources */,
				4712809E1F3990DF006FE796 /* TagRequestsProtocol.swift in Sources */,
				4712808C1F39840D006FE796 /* Reply.swift in Sources */,
				471280841F396FCC006FE796 /* Callbacks.swift in Sources */,
				47A488E21F22C97B006B0453 /* ProfileController.swift in Sources */,
				471280941F398576006FE796 /* RelationshipRequestsProtocol.swift in Sources */,
				471280961F398876006FE796 /* ImageRequestsProtocol.swift in Sources */,
				47CA097B1F1E73BC00EA2455 /* TabThree.swift in Sources */,
				478006331F218A380064F9E7 /* MapController.swift in Sources */,
				47CA09791F1E57A600EA2455 /* LoginController+Signup.swift in Sources */,
				471280A81F3992E8006FE796 /* LikeRequests.swift in Sources */,
				47A745E91F16F7D000A88D5D /* ModelViewController.swift in Sources */,
				47A488E01F22C96D006B0453 /* PinpostController.swift in Sources */,
				4712809C1F398D30006FE796 /* LikeRequestsProtocol.swift in Sources */,
				47C622F71F0A347F003BBC16 /* RegisterController+UsernameEmail.swift in Sources */,
				471280AC1F3992FC006FE796 /* ImageRequests.swift in Sources */,
				47A9024C1F0B1F4400A1CEE8 /* LoginController.swift in Sources */,
				471280861F3977D3006FE796 /* PinpostRequestsProtocol.swift in Sources */,
				471280981F3989CF006FE796 /* CommentRequestsProtocol.swift in Sources */,
				471280A01F3992C6006FE796 /* UserRequests.swift in Sources */,
				478006391F21B5730064F9E7 /* Pinpost.swift in Sources */,
				471280A61F3992E0006FE796 /* ReplyRequests.swift in Sources */,
				471280AE1F399306006FE796 /* TagRequests.swift in Sources */,
				47A9024E1F0B34C900A1CEE8 /* GlobalVariables.swift in Sources */,
				47D838CC1F10A99F000E9668 /* ModelViewController+KeyboardHandler.swift in Sources */,
				471280781F391A4B006FE796 /* CredentialRequestsProtocol.swift in Sources */,
				4712807E1F3929B2006FE796 /* Requests.swift in Sources */,
				471280AA1F3992F3006FE796 /* RelationshipRequests.swift in Sources */,
				47ABAA041F0B7B7400FD479E /* UIViewController+Helper.swift in Sources */,
				471280A21F3992CF006FE796 /* PinpostRequests.swift in Sources */,
				471280801F39381C006FE796 /* Object.swift in Sources */,
				47C622C91F0A341A003BBC16 /* AppDelegate.swift in Sources */,
				4712807C1F3921DA006FE796 /* CredentialRequests.swift in Sources */,
				471280821F396F85006FE796 /* UserRequestsProtocol.swift in Sources */,
				47D9ECB71F19755A00E3EEE4 /* User.swift in Sources */,
				D23722701F1C8813004FFCFA /* ResetPasswordController.swift in Sources */,
				4712809A1F398C7F006FE796 /* ReplyRequestsProtocol.swift in Sources */,
				4712807A1F391B4F006FE796 /* APIClient.swift in Sources */,
				471280901F39842C006FE796 /* Relationship.swift in Sources */,
			);
			runOnlyForDeploymentPostprocessing = 0;
		};
		47C622D51F0A341A003BBC16 /* Sources */ = {
			isa = PBXSourcesBuildPhase;
			buildActionMask = 2147483647;
			files = (
				47C622DE1F0A341A003BBC16 /* ZenythTests.swift in Sources */,
			);
			runOnlyForDeploymentPostprocessing = 0;
		};
		47C622E01F0A341A003BBC16 /* Sources */ = {
			isa = PBXSourcesBuildPhase;
			buildActionMask = 2147483647;
			files = (
				47C622E91F0A341A003BBC16 /* ZenythUITests.swift in Sources */,
			);
			runOnlyForDeploymentPostprocessing = 0;
		};
/* End PBXSourcesBuildPhase section */

/* Begin PBXTargetDependency section */
		47C622DB1F0A341A003BBC16 /* PBXTargetDependency */ = {
			isa = PBXTargetDependency;
			target = 47C622C41F0A341A003BBC16 /* Zenyth */;
			targetProxy = 47C622DA1F0A341A003BBC16 /* PBXContainerItemProxy */;
		};
		47C622E61F0A341A003BBC16 /* PBXTargetDependency */ = {
			isa = PBXTargetDependency;
			target = 47C622C41F0A341A003BBC16 /* Zenyth */;
			targetProxy = 47C622E51F0A341A003BBC16 /* PBXContainerItemProxy */;
		};
/* End PBXTargetDependency section */

/* Begin PBXVariantGroup section */
		47C622CC1F0A341A003BBC16 /* Main.storyboard */ = {
			isa = PBXVariantGroup;
			children = (
				47C622CD1F0A341A003BBC16 /* Base */,
			);
			name = Main.storyboard;
			sourceTree = "<group>";
		};
		47C622D11F0A341A003BBC16 /* LaunchScreen.storyboard */ = {
			isa = PBXVariantGroup;
			children = (
				47C622D21F0A341A003BBC16 /* Base */,
			);
			name = LaunchScreen.storyboard;
			sourceTree = "<group>";
		};
/* End PBXVariantGroup section */

/* Begin XCBuildConfiguration section */
		47C622EB1F0A341A003BBC16 /* Debug */ = {
			isa = XCBuildConfiguration;
			buildSettings = {
				ALWAYS_SEARCH_USER_PATHS = NO;
				CLANG_ANALYZER_NONNULL = YES;
				CLANG_ANALYZER_NUMBER_OBJECT_CONVERSION = YES_AGGRESSIVE;
				CLANG_CXX_LANGUAGE_STANDARD = "gnu++0x";
				CLANG_CXX_LIBRARY = "libc++";
				CLANG_ENABLE_MODULES = YES;
				CLANG_ENABLE_OBJC_ARC = YES;
				CLANG_WARN_BOOL_CONVERSION = YES;
				CLANG_WARN_CONSTANT_CONVERSION = YES;
				CLANG_WARN_DIRECT_OBJC_ISA_USAGE = YES_ERROR;
				CLANG_WARN_DOCUMENTATION_COMMENTS = YES;
				CLANG_WARN_EMPTY_BODY = YES;
				CLANG_WARN_ENUM_CONVERSION = YES;
				CLANG_WARN_INFINITE_RECURSION = YES;
				CLANG_WARN_INT_CONVERSION = YES;
				CLANG_WARN_OBJC_ROOT_CLASS = YES_ERROR;
				CLANG_WARN_SUSPICIOUS_MOVE = YES;
				CLANG_WARN_UNREACHABLE_CODE = YES;
				CLANG_WARN__DUPLICATE_METHOD_MATCH = YES;
				"CODE_SIGN_IDENTITY[sdk=iphoneos*]" = "iPhone Developer";
				COPY_PHASE_STRIP = NO;
				DEBUG_INFORMATION_FORMAT = dwarf;
				ENABLE_STRICT_OBJC_MSGSEND = YES;
				ENABLE_TESTABILITY = YES;
				GCC_C_LANGUAGE_STANDARD = gnu99;
				GCC_DYNAMIC_NO_PIC = NO;
				GCC_NO_COMMON_BLOCKS = YES;
				GCC_OPTIMIZATION_LEVEL = 0;
				GCC_PREPROCESSOR_DEFINITIONS = (
					"DEBUG=1",
					"$(inherited)",
				);
				GCC_WARN_64_TO_32_BIT_CONVERSION = YES;
				GCC_WARN_ABOUT_RETURN_TYPE = YES_ERROR;
				GCC_WARN_UNDECLARED_SELECTOR = YES;
				GCC_WARN_UNINITIALIZED_AUTOS = YES_AGGRESSIVE;
				GCC_WARN_UNUSED_FUNCTION = YES;
				GCC_WARN_UNUSED_VARIABLE = YES;
				IPHONEOS_DEPLOYMENT_TARGET = 10.3;
				MTL_ENABLE_DEBUG_INFO = YES;
				ONLY_ACTIVE_ARCH = YES;
				SDKROOT = iphoneos;
				SWIFT_ACTIVE_COMPILATION_CONDITIONS = DEBUG;
				SWIFT_OPTIMIZATION_LEVEL = "-Onone";
				TARGETED_DEVICE_FAMILY = "1,2";
			};
			name = Debug;
		};
		47C622EC1F0A341A003BBC16 /* Release */ = {
			isa = XCBuildConfiguration;
			buildSettings = {
				ALWAYS_SEARCH_USER_PATHS = NO;
				CLANG_ANALYZER_NONNULL = YES;
				CLANG_ANALYZER_NUMBER_OBJECT_CONVERSION = YES_AGGRESSIVE;
				CLANG_CXX_LANGUAGE_STANDARD = "gnu++0x";
				CLANG_CXX_LIBRARY = "libc++";
				CLANG_ENABLE_MODULES = YES;
				CLANG_ENABLE_OBJC_ARC = YES;
				CLANG_WARN_BOOL_CONVERSION = YES;
				CLANG_WARN_CONSTANT_CONVERSION = YES;
				CLANG_WARN_DIRECT_OBJC_ISA_USAGE = YES_ERROR;
				CLANG_WARN_DOCUMENTATION_COMMENTS = YES;
				CLANG_WARN_EMPTY_BODY = YES;
				CLANG_WARN_ENUM_CONVERSION = YES;
				CLANG_WARN_INFINITE_RECURSION = YES;
				CLANG_WARN_INT_CONVERSION = YES;
				CLANG_WARN_OBJC_ROOT_CLASS = YES_ERROR;
				CLANG_WARN_SUSPICIOUS_MOVE = YES;
				CLANG_WARN_UNREACHABLE_CODE = YES;
				CLANG_WARN__DUPLICATE_METHOD_MATCH = YES;
				"CODE_SIGN_IDENTITY[sdk=iphoneos*]" = "iPhone Developer";
				COPY_PHASE_STRIP = NO;
				DEBUG_INFORMATION_FORMAT = "dwarf-with-dsym";
				ENABLE_NS_ASSERTIONS = NO;
				ENABLE_STRICT_OBJC_MSGSEND = YES;
				GCC_C_LANGUAGE_STANDARD = gnu99;
				GCC_NO_COMMON_BLOCKS = YES;
				GCC_WARN_64_TO_32_BIT_CONVERSION = YES;
				GCC_WARN_ABOUT_RETURN_TYPE = YES_ERROR;
				GCC_WARN_UNDECLARED_SELECTOR = YES;
				GCC_WARN_UNINITIALIZED_AUTOS = YES_AGGRESSIVE;
				GCC_WARN_UNUSED_FUNCTION = YES;
				GCC_WARN_UNUSED_VARIABLE = YES;
				IPHONEOS_DEPLOYMENT_TARGET = 10.3;
				MTL_ENABLE_DEBUG_INFO = NO;
				SDKROOT = iphoneos;
				SWIFT_OPTIMIZATION_LEVEL = "-Owholemodule";
				TARGETED_DEVICE_FAMILY = "1,2";
				VALIDATE_PRODUCT = YES;
			};
			name = Release;
		};
		47C622EE1F0A341A003BBC16 /* Debug */ = {
			isa = XCBuildConfiguration;
			baseConfigurationReference = 9BF5C92438833D8106466321 /* Pods-Zenyth.debug.xcconfig */;
			buildSettings = {
				ASSETCATALOG_COMPILER_APPICON_NAME = AppIcon;
				CODE_SIGN_ENTITLEMENTS = Zenyth/Zenyth.entitlements;
				DEVELOPMENT_TEAM = 4B5PEQM7U2;
				INFOPLIST_FILE = Zenyth/Info.plist;
				LD_RUNPATH_SEARCH_PATHS = "$(inherited) @executable_path/Frameworks";
				PRODUCT_BUNDLE_IDENTIFIER = "-05Industries.Zenyth.Hoang";
				PRODUCT_NAME = "$(TARGET_NAME)";
				SWIFT_VERSION = 3.0;
			};
			name = Debug;
		};
		47C622EF1F0A341A003BBC16 /* Release */ = {
			isa = XCBuildConfiguration;
			baseConfigurationReference = CA4871FF56084440AE442D2C /* Pods-Zenyth.release.xcconfig */;
			buildSettings = {
				ASSETCATALOG_COMPILER_APPICON_NAME = AppIcon;
				CODE_SIGN_ENTITLEMENTS = Zenyth/Zenyth.entitlements;
				DEVELOPMENT_TEAM = 4B5PEQM7U2;
				INFOPLIST_FILE = Zenyth/Info.plist;
				LD_RUNPATH_SEARCH_PATHS = "$(inherited) @executable_path/Frameworks";
				PRODUCT_BUNDLE_IDENTIFIER = "-05Industries.Zenyth.Hoang";
				PRODUCT_NAME = "$(TARGET_NAME)";
				SWIFT_VERSION = 3.0;
			};
			name = Release;
		};
		47C622F11F0A341A003BBC16 /* Debug */ = {
			isa = XCBuildConfiguration;
			baseConfigurationReference = 9D0A28DC766F4B241B225079 /* Pods-ZenythTests.debug.xcconfig */;
			buildSettings = {
				ALWAYS_EMBED_SWIFT_STANDARD_LIBRARIES = YES;
				BUNDLE_LOADER = "$(TEST_HOST)";
				INFOPLIST_FILE = ZenythTests/Info.plist;
				LD_RUNPATH_SEARCH_PATHS = "$(inherited) @executable_path/Frameworks @loader_path/Frameworks";
				PRODUCT_BUNDLE_IDENTIFIER = Hoang.ZenythTests;
				PRODUCT_NAME = "$(TARGET_NAME)";
				SWIFT_VERSION = 3.0;
				TEST_HOST = "$(BUILT_PRODUCTS_DIR)/Zenyth.app/Zenyth";
			};
			name = Debug;
		};
		47C622F21F0A341A003BBC16 /* Release */ = {
			isa = XCBuildConfiguration;
			baseConfigurationReference = B91E4378161D72337CBFECA2 /* Pods-ZenythTests.release.xcconfig */;
			buildSettings = {
				ALWAYS_EMBED_SWIFT_STANDARD_LIBRARIES = YES;
				BUNDLE_LOADER = "$(TEST_HOST)";
				INFOPLIST_FILE = ZenythTests/Info.plist;
				LD_RUNPATH_SEARCH_PATHS = "$(inherited) @executable_path/Frameworks @loader_path/Frameworks";
				PRODUCT_BUNDLE_IDENTIFIER = Hoang.ZenythTests;
				PRODUCT_NAME = "$(TARGET_NAME)";
				SWIFT_VERSION = 3.0;
				TEST_HOST = "$(BUILT_PRODUCTS_DIR)/Zenyth.app/Zenyth";
			};
			name = Release;
		};
		47C622F41F0A341A003BBC16 /* Debug */ = {
			isa = XCBuildConfiguration;
			baseConfigurationReference = AF3772E19C15E48808910B4B /* Pods-ZenythUITests.debug.xcconfig */;
			buildSettings = {
				ALWAYS_EMBED_SWIFT_STANDARD_LIBRARIES = YES;
				INFOPLIST_FILE = ZenythUITests/Info.plist;
				LD_RUNPATH_SEARCH_PATHS = "$(inherited) @executable_path/Frameworks @loader_path/Frameworks";
				PRODUCT_BUNDLE_IDENTIFIER = Hoang.ZenythUITests;
				PRODUCT_NAME = "$(TARGET_NAME)";
				SWIFT_VERSION = 3.0;
				TEST_TARGET_NAME = Zenyth;
			};
			name = Debug;
		};
		47C622F51F0A341A003BBC16 /* Release */ = {
			isa = XCBuildConfiguration;
			baseConfigurationReference = F16B25EFAC48B67D0F6A64D0 /* Pods-ZenythUITests.release.xcconfig */;
			buildSettings = {
				ALWAYS_EMBED_SWIFT_STANDARD_LIBRARIES = YES;
				INFOPLIST_FILE = ZenythUITests/Info.plist;
				LD_RUNPATH_SEARCH_PATHS = "$(inherited) @executable_path/Frameworks @loader_path/Frameworks";
				PRODUCT_BUNDLE_IDENTIFIER = Hoang.ZenythUITests;
				PRODUCT_NAME = "$(TARGET_NAME)";
				SWIFT_VERSION = 3.0;
				TEST_TARGET_NAME = Zenyth;
			};
			name = Release;
		};
/* End XCBuildConfiguration section */

/* Begin XCConfigurationList section */
		47C622C01F0A341A003BBC16 /* Build configuration list for PBXProject "Zenyth" */ = {
			isa = XCConfigurationList;
			buildConfigurations = (
				47C622EB1F0A341A003BBC16 /* Debug */,
				47C622EC1F0A341A003BBC16 /* Release */,
			);
			defaultConfigurationIsVisible = 0;
			defaultConfigurationName = Release;
		};
		47C622ED1F0A341A003BBC16 /* Build configuration list for PBXNativeTarget "Zenyth" */ = {
			isa = XCConfigurationList;
			buildConfigurations = (
				47C622EE1F0A341A003BBC16 /* Debug */,
				47C622EF1F0A341A003BBC16 /* Release */,
			);
			defaultConfigurationIsVisible = 0;
			defaultConfigurationName = Release;
		};
		47C622F01F0A341A003BBC16 /* Build configuration list for PBXNativeTarget "ZenythTests" */ = {
			isa = XCConfigurationList;
			buildConfigurations = (
				47C622F11F0A341A003BBC16 /* Debug */,
				47C622F21F0A341A003BBC16 /* Release */,
			);
			defaultConfigurationIsVisible = 0;
			defaultConfigurationName = Release;
		};
		47C622F31F0A341A003BBC16 /* Build configuration list for PBXNativeTarget "ZenythUITests" */ = {
			isa = XCConfigurationList;
			buildConfigurations = (
				47C622F41F0A341A003BBC16 /* Debug */,
				47C622F51F0A341A003BBC16 /* Release */,
			);
			defaultConfigurationIsVisible = 0;
			defaultConfigurationName = Release;
		};
/* End XCConfigurationList section */
	};
	rootObject = 47C622BD1F0A341A003BBC16 /* Project object */;
}
